{
    "_readme": [
        "This file locks the dependencies of your project to a known state",
        "Read more about it at https://getcomposer.org/doc/01-basic-usage.md#installing-dependencies",
        "This file is @generated automatically"
    ],
    "content-hash": "2836c94d503c6dbcb93f3c8f74f4c250",
    "packages": [
        {
            "name": "tcdent/php-restclient",
            "version": "dev-master",
            "source": {
                "type": "git",
                "url": "https://github.com/tcdent/php-restclient.git",
                "reference": "4caee8a72e356f827ac404c2cfe2965e824f192b"
            },
            "dist": {
                "type": "zip",
                "url": "https://api.github.com/repos/tcdent/php-restclient/zipball/4caee8a72e356f827ac404c2cfe2965e824f192b",
                "reference": "4caee8a72e356f827ac404c2cfe2965e824f192b",
                "shasum": ""
            },
            "require": {
                "ext-curl": "*",
                "ext-json": "*",
                "php": ">=7.2"
            },
            "require-dev": {
                "php": ">=8.3",
                "phpunit/phpunit": ">=9.6"
            },
            "default-branch": true,
            "type": "library",
            "autoload": {
                "files": [
                    "restclient.php"
                ]
            },
            "notification-url": "https://packagist.org/downloads/",
            "license": [
                "MIT"
            ],
            "authors": [
                {
                    "name": "Travis Dent",
                    "email": "tcdent@gmail.com",
                    "role": "Developer"
                }
            ],
            "description": "A generic REST API client for PHP",
            "homepage": "http://github.com/tcdent/php-restclient",
            "keywords": [
                "api",
                "client",
                "curl",
                "json",
                "rest",
                "xml"
            ],
            "support": {
                "issues": "http://github.com/tcdent/php-restclient/issues",
                "source": "https://github.com/tcdent/php-restclient/tree/0.1.8.4"
            },
            "time": "2023-10-27T18:38:56+00:00"
        }
    ],
    "packages-dev": [],
    "aliases": [],
    "minimum-stability": "dev",
    "stability-flags": {
        "tcdent/php-restclient": 20
    },
    "prefer-stable": false,
    "prefer-lowest": false,
    "platform": {
        "php": ">=5.5.0"
    },
    "platform-dev": {},
    "plugin-api-version": "2.6.0"
}
